// !$*UTF8*$!
{
	archiveVersion = 1;
	classes = {
	};
	objectVersion = 54;
	objects = {

/* Begin PBXBuildFile section */
		3957B9C52646DAEF00A62506 /* README.md in Resources */ = {isa = PBXBuildFile; fileRef = 3957B9C42646DAEF00A62506 /* README.md */; };
		FA04A09F2E16C70900C6FCA2 /* TesseractSettingsView.swift in Sources */ = {isa = PBXBuildFile; fileRef = FA04A09E2E16C70900C6FCA2 /* TesseractSettingsView.swift */; };
		FA1E99D12EF77006002A457E /* LaunchAtLogin.swift in Sources */ = {isa = PBXBuildFile; fileRef = FA3AEAAE2C9B8BCB0096CCA5 /* LaunchAtLogin.swift */; };
		FA1E99D22EF77006002A457E /* WelcomeView.swift in Sources */ = {isa = PBXBuildFile; fileRef = FA1EE61B2E1F264A009D86D8 /* WelcomeView.swift */; };
		FA1E99D32EF77006002A457E /* SetupSection.swift in Sources */ = {isa = PBXBuildFile; fileRef = FA1EE6022E1F264A009D86D8 /* SetupSection.swift */; };
		FA1E99D42EF77006002A457E /* LanguageSection.swift in Sources */ = {isa = PBXBuildFile; fileRef = FA1EE6132E1F264A009D86D8 /* LanguageSection.swift */; };
		FA1E99D52EF77006002A457E /* OnboardingViewModel.swift in Sources */ = {isa = PBXBuildFile; fileRef = FA1EE6082E1F264A009D86D8 /* OnboardingViewModel.swift */; };
		FA1E99D62EF77006002A457E /* Feature.swift in Sources */ = {isa = PBXBuildFile; fileRef = FA1EE6002E1F264A009D86D8 /* Feature.swift */; };
		FA1E99D72EF77006002A457E /* SettingsSection.swift in Sources */ = {isa = PBXBuildFile; fileRef = FA1EE6152E1F264A009D86D8 /* SettingsSection.swift */; };
		FA1E99D82EF77006002A457E /* ModernTextFieldStyle.swift in Sources */ = {isa = PBXBuildFile; fileRef = FA1EE60E2E1F264A009D86D8 /* ModernTextFieldStyle.swift */; };
		FA1E99D92EF77006002A457E /* Color+Brand.swift in Sources */ = {isa = PBXBuildFile; fileRef = FA1EE5FD2E1F264A009D86D8 /* Color+Brand.swift */; };
		FA1E99DA2EF77006002A457E /* SetupView.swift in Sources */ = {isa = PBXBuildFile; fileRef = FA1EE6182E1F264A009D86D8 /* SetupView.swift */; };
		FA1E99DB2EF77006002A457E /* OnboardingView.swift in Sources */ = {isa = PBXBuildFile; fileRef = FA1EE6172E1F264A009D86D8 /* OnboardingView.swift */; };
		FA1E99DC2EF77006002A457E /* BrandBackground.swift in Sources */ = {isa = PBXBuildFile; fileRef = FA1EE60C2E1F264A009D86D8 /* BrandBackground.swift */; };
		FA1E99DD2EF77006002A457E /* TutorialView.swift in Sources */ = {isa = PBXBuildFile; fileRef = FA1EE61A2E1F264A009D86D8 /* TutorialView.swift */; };
		FA1E99DE2EF77006002A457E /* PreferenceKeys.swift in Sources */ = {isa = PBXBuildFile; fileRef = FA1EE6062E1F264A009D86D8 /* PreferenceKeys.swift */; };
		FA1E99DF2EF77006002A457E /* QLImage.swift in Sources */ = {isa = PBXBuildFile; fileRef = FA1EE63C2E1F2F5F009D86D8 /* QLImage.swift */; };
		FA1E99E02EF77006002A457E /* Animation+App.swift in Sources */ = {isa = PBXBuildFile; fileRef = FA1EE5FB2E1F264A009D86D8 /* Animation+App.swift */; };
		FA1E99E12EF77006002A457E /* SetupViewModel.swift in Sources */ = {isa = PBXBuildFile; fileRef = FA1EE6092E1F264A009D86D8 /* SetupViewModel.swift */; };
		FA1E99E22EF77006002A457E /* PermissionsSection.swift in Sources */ = {isa = PBXBuildFile; fileRef = FA1EE6142E1F264A009D86D8 /* PermissionsSection.swift */; };
		FA1E99E32EF77006002A457E /* NavigationFooter.swift in Sources */ = {isa = PBXBuildFile; fileRef = FA1EE6102E1F264A009D86D8 /* NavigationFooter.swift */; };
		FA1E99E42EF77006002A457E /* OnboardingPage.swift in Sources */ = {isa = PBXBuildFile; fileRef = FA1EE6012E1F264A009D86D8 /* OnboardingPage.swift */; };
		FA1E99E52EF77006002A457E /* FeatureCard.swift in Sources */ = {isa = PBXBuildFile; fileRef = FA1EE60D2E1F264A009D86D8 /* FeatureCard.swift */; };
		FA1E99E62EF77006002A457E /* AnyTransition+SlideFade.swift in Sources */ = {isa = PBXBuildFile; fileRef = FA1EE5FC2E1F264A009D86D8 /* AnyTransition+SlideFade.swift */; };
		FA1E99E72EF77006002A457E /* SetupTab.swift in Sources */ = {isa = PBXBuildFile; fileRef = FA1EE6112E1F264A009D86D8 /* SetupTab.swift */; };
		FA1E99E82EF77006002A457E /* ModernToggleStyle.swift in Sources */ = {isa = PBXBuildFile; fileRef = FA1EE60F2E1F264A009D86D8 /* ModernToggleStyle.swift */; };
		FA1E99E92EF77006002A457E /* View+OnboardingStyle.swift in Sources */ = {isa = PBXBuildFile; fileRef = FA1EE5FE2E1F264A009D86D8 /* View+OnboardingStyle.swift */; };
		FA1E99EA2EF77006002A457E /* ShortcutsSettingsView.swift in Sources */ = {isa = PBXBuildFile; fileRef = FAFAC6FA272C4D3E00011ED6 /* ShortcutsSettingsView.swift */; };
		FA1E99EB2EF77006002A457E /* PagerView.swift in Sources */ = {isa = PBXBuildFile; fileRef = FA66345E25DF05950087CCEA /* PagerView.swift */; };
		FA1E99EC2EF77006002A457E /* TesseractSettingsView.swift in Sources */ = {isa = PBXBuildFile; fileRef = FA04A09E2E16C70900C6FCA2 /* TesseractSettingsView.swift */; };
		FA1E99ED2EF77006002A457E /* AboutSettingsView.swift in Sources */ = {isa = PBXBuildFile; fileRef = FAFAC6F4272C4CAE00011ED6 /* AboutSettingsView.swift */; };
		FA1E99EE2EF77006002A457E /* NotificationName+Extension.swift in Sources */ = {isa = PBXBuildFile; fileRef = FAE335C025E0A81500CFFDAF /* NotificationName+Extension.swift */; };
		FA1E99EF2EF77006002A457E /* Localizable.swift in Sources */ = {isa = PBXBuildFile; fileRef = FAFF12D02739E24600B3993B /* Localizable.swift */; };
		FA1E99F02EF77006002A457E /* AppDelegate.swift in Sources */ = {isa = PBXBuildFile; fileRef = FA5F874725DCB3B200B1AF77 /* AppDelegate.swift */; };
		FA1E99F12EF77006002A457E /* NSImage+Extension.swift in Sources */ = {isa = PBXBuildFile; fileRef = FA66345B25DEFD500087CCEA /* NSImage+Extension.swift */; };
		FA1E99F22EF77006002A457E /* MenuBarItem.swift in Sources */ = {isa = PBXBuildFile; fileRef = FA5F875A25DD59D000B1AF77 /* MenuBarItem.swift */; };
		FA1E99F32EF77006002A457E /* KeyboardShortcuts+Extension.swift in Sources */ = {isa = PBXBuildFile; fileRef = FA5F876125DD63AA00B1AF77 /* KeyboardShortcuts+Extension.swift */; };
		FA1E99F42EF77006002A457E /* UniversalShowSettingsHack.swift in Sources */ = {isa = PBXBuildFile; fileRef = FA8A957B2B67CA41008C0B7B /* UniversalShowSettingsHack.swift */; };
		FA1E99F52EF77006002A457E /* SettingsView.swift in Sources */ = {isa = PBXBuildFile; fileRef = FA5F874A25DCB50A00B1AF77 /* SettingsView.swift */; };
		FA1E99F62EF77006002A457E /* GeneralSettingsView.swift in Sources */ = {isa = PBXBuildFile; fileRef = FAFAC6F8272C4CEA00011ED6 /* GeneralSettingsView.swift */; };
		FA1E99F72EF77006002A457E /* EnumPicker.swift in Sources */ = {isa = PBXBuildFile; fileRef = FA48BA2F25DDEBCE00E98F77 /* EnumPicker.swift */; };
		FA1E99F82EF77006002A457E /* Utils.swift in Sources */ = {isa = PBXBuildFile; fileRef = FA58E39627AC7F630034837F /* Utils.swift */; };
		FA1E99F92EF77006002A457E /* AutomationSettingsView.swift in Sources */ = {isa = PBXBuildFile; fileRef = FAFAC6F6272C4CC700011ED6 /* AutomationSettingsView.swift */; };
		FA1E99FA2EF77006002A457E /* TRexApp.swift in Sources */ = {isa = PBXBuildFile; fileRef = FA5F873125DC243200B1AF77 /* TRexApp.swift */; };
		FA1E99FB2EF77006002A457E /* CustomWordsView.swift in Sources */ = {isa = PBXBuildFile; fileRef = FA58E39427AB74530034837F /* CustomWordsView.swift */; };
		FA1E99FF2EF77006002A457E /* KeyboardShortcuts in Frameworks */ = {isa = PBXBuildFile; productRef = FA1E99C92EF77006002A457E /* KeyboardShortcuts */; };
		FA1E9A002EF77006002A457E /* TesseractSwift in Frameworks */ = {isa = PBXBuildFile; productRef = FA1E99CC2EF77006002A457E /* TesseractSwift */; };
		FA1E9A022EF77006002A457E /* step2.gif in Resources */ = {isa = PBXBuildFile; fileRef = FA1EE63E2E1F32C0009D86D8 /* step2.gif */; };
		FA1E9A032EF77006002A457E /* step3.gif in Resources */ = {isa = PBXBuildFile; fileRef = FA1EE63F2E1F32C0009D86D8 /* step3.gif */; };
		FA1E9A042EF77006002A457E /* Credits.rtf in Resources */ = {isa = PBXBuildFile; fileRef = FA2B835A25DEBF8200B23F25 /* Credits.rtf */; };
		FA1E9A052EF77006002A457E /* Preview Assets.xcassets in Resources */ = {isa = PBXBuildFile; fileRef = FA5F873825DC243400B1AF77 /* Preview Assets.xcassets */; };
		FA1E9A062EF77006002A457E /* README.md in Resources */ = {isa = PBXBuildFile; fileRef = 3957B9C42646DAEF00A62506 /* README.md */; };
		FA1E9A072EF77006002A457E /* Assets.xcassets in Resources */ = {isa = PBXBuildFile; fileRef = FA5F873525DC243400B1AF77 /* Assets.xcassets */; };
		FA1EE61D2E1F264A009D86D8 /* WelcomeView.swift in Sources */ = {isa = PBXBuildFile; fileRef = FA1EE61B2E1F264A009D86D8 /* WelcomeView.swift */; };
		FA1EE61E2E1F264A009D86D8 /* SetupSection.swift in Sources */ = {isa = PBXBuildFile; fileRef = FA1EE6022E1F264A009D86D8 /* SetupSection.swift */; };
		FA1EE61F2E1F264A009D86D8 /* LanguageSection.swift in Sources */ = {isa = PBXBuildFile; fileRef = FA1EE6132E1F264A009D86D8 /* LanguageSection.swift */; };
		FA1EE6212E1F264A009D86D8 /* OnboardingViewModel.swift in Sources */ = {isa = PBXBuildFile; fileRef = FA1EE6082E1F264A009D86D8 /* OnboardingViewModel.swift */; };
		FA1EE6222E1F264A009D86D8 /* Feature.swift in Sources */ = {isa = PBXBuildFile; fileRef = FA1EE6002E1F264A009D86D8 /* Feature.swift */; };
		FA1EE6232E1F264A009D86D8 /* SettingsSection.swift in Sources */ = {isa = PBXBuildFile; fileRef = FA1EE6152E1F264A009D86D8 /* SettingsSection.swift */; };
		FA1EE6242E1F264A009D86D8 /* ModernTextFieldStyle.swift in Sources */ = {isa = PBXBuildFile; fileRef = FA1EE60E2E1F264A009D86D8 /* ModernTextFieldStyle.swift */; };
		FA1EE6252E1F264A009D86D8 /* Color+Brand.swift in Sources */ = {isa = PBXBuildFile; fileRef = FA1EE5FD2E1F264A009D86D8 /* Color+Brand.swift */; };
		FA1EE6262E1F264A009D86D8 /* SetupView.swift in Sources */ = {isa = PBXBuildFile; fileRef = FA1EE6182E1F264A009D86D8 /* SetupView.swift */; };
		FA1EE6292E1F264A009D86D8 /* OnboardingView.swift in Sources */ = {isa = PBXBuildFile; fileRef = FA1EE6172E1F264A009D86D8 /* OnboardingView.swift */; };
		FA1EE62A2E1F264A009D86D8 /* BrandBackground.swift in Sources */ = {isa = PBXBuildFile; fileRef = FA1EE60C2E1F264A009D86D8 /* BrandBackground.swift */; };
		FA1EE62B2E1F264A009D86D8 /* TutorialView.swift in Sources */ = {isa = PBXBuildFile; fileRef = FA1EE61A2E1F264A009D86D8 /* TutorialView.swift */; };
		FA1EE62C2E1F264A009D86D8 /* PreferenceKeys.swift in Sources */ = {isa = PBXBuildFile; fileRef = FA1EE6062E1F264A009D86D8 /* PreferenceKeys.swift */; };
		FA1EE62D2E1F264A009D86D8 /* Animation+App.swift in Sources */ = {isa = PBXBuildFile; fileRef = FA1EE5FB2E1F264A009D86D8 /* Animation+App.swift */; };
		FA1EE62F2E1F264A009D86D8 /* SetupViewModel.swift in Sources */ = {isa = PBXBuildFile; fileRef = FA1EE6092E1F264A009D86D8 /* SetupViewModel.swift */; };
		FA1EE6302E1F264A009D86D8 /* PermissionsSection.swift in Sources */ = {isa = PBXBuildFile; fileRef = FA1EE6142E1F264A009D86D8 /* PermissionsSection.swift */; };
		FA1EE6312E1F264A009D86D8 /* NavigationFooter.swift in Sources */ = {isa = PBXBuildFile; fileRef = FA1EE6102E1F264A009D86D8 /* NavigationFooter.swift */; };
		FA1EE6322E1F264A009D86D8 /* OnboardingPage.swift in Sources */ = {isa = PBXBuildFile; fileRef = FA1EE6012E1F264A009D86D8 /* OnboardingPage.swift */; };
		FA1EE6332E1F264A009D86D8 /* FeatureCard.swift in Sources */ = {isa = PBXBuildFile; fileRef = FA1EE60D2E1F264A009D86D8 /* FeatureCard.swift */; };
		FA1EE6342E1F264A009D86D8 /* AnyTransition+SlideFade.swift in Sources */ = {isa = PBXBuildFile; fileRef = FA1EE5FC2E1F264A009D86D8 /* AnyTransition+SlideFade.swift */; };
		FA1EE6352E1F264A009D86D8 /* SetupTab.swift in Sources */ = {isa = PBXBuildFile; fileRef = FA1EE6112E1F264A009D86D8 /* SetupTab.swift */; };
		FA1EE6362E1F264A009D86D8 /* ModernToggleStyle.swift in Sources */ = {isa = PBXBuildFile; fileRef = FA1EE60F2E1F264A009D86D8 /* ModernToggleStyle.swift */; };
		FA1EE6372E1F264A009D86D8 /* View+OnboardingStyle.swift in Sources */ = {isa = PBXBuildFile; fileRef = FA1EE5FE2E1F264A009D86D8 /* View+OnboardingStyle.swift */; };
		FA1EE63D2E1F2F5F009D86D8 /* QLImage.swift in Sources */ = {isa = PBXBuildFile; fileRef = FA1EE63C2E1F2F5F009D86D8 /* QLImage.swift */; };
		FA1EE6412E1F32C0009D86D8 /* step2.gif in Resources */ = {isa = PBXBuildFile; fileRef = FA1EE63E2E1F32C0009D86D8 /* step2.gif */; };
		FA1EE6422E1F32C0009D86D8 /* step3.gif in Resources */ = {isa = PBXBuildFile; fileRef = FA1EE63F2E1F32C0009D86D8 /* step3.gif */; };
		FA1EE6452E254E54009D86D8 /* Sparkle in Frameworks */ = {isa = PBXBuildFile; productRef = FA1EE6442E254E54009D86D8 /* Sparkle */; };
		FA2B835B25DEBF8200B23F25 /* Credits.rtf in Resources */ = {isa = PBXBuildFile; fileRef = FA2B835A25DEBF8200B23F25 /* Credits.rtf */; };
		FA3AEAAF2C9B8BCB0096CCA5 /* LaunchAtLogin.swift in Sources */ = {isa = PBXBuildFile; fileRef = FA3AEAAE2C9B8BCB0096CCA5 /* LaunchAtLogin.swift */; };
		FA48BA3025DDEBCE00E98F77 /* EnumPicker.swift in Sources */ = {isa = PBXBuildFile; fileRef = FA48BA2F25DDEBCE00E98F77 /* EnumPicker.swift */; };
		FA58E39527AB74530034837F /* CustomWordsView.swift in Sources */ = {isa = PBXBuildFile; fileRef = FA58E39427AB74530034837F /* CustomWordsView.swift */; };
		FA58E39727AC7F630034837F /* Utils.swift in Sources */ = {isa = PBXBuildFile; fileRef = FA58E39627AC7F630034837F /* Utils.swift */; };
		FA58E3A227AE1CFA0034837F /* main.swift in Sources */ = {isa = PBXBuildFile; fileRef = FA58E3A127AE1CFA0034837F /* main.swift */; };
		FA58E3E127AE31DF0034837F /* ArgumentParser in Frameworks */ = {isa = PBXBuildFile; productRef = FA58E3E027AE31DF0034837F /* ArgumentParser */; };
		FA5F873225DC243200B1AF77 /* TRexApp.swift in Sources */ = {isa = PBXBuildFile; fileRef = FA5F873125DC243200B1AF77 /* TRexApp.swift */; };
		FA5F873625DC243400B1AF77 /* Assets.xcassets in Resources */ = {isa = PBXBuildFile; fileRef = FA5F873525DC243400B1AF77 /* Assets.xcassets */; };
		FA5F873925DC243400B1AF77 /* Preview Assets.xcassets in Resources */ = {isa = PBXBuildFile; fileRef = FA5F873825DC243400B1AF77 /* Preview Assets.xcassets */; };
		FA5F874825DCB3B200B1AF77 /* AppDelegate.swift in Sources */ = {isa = PBXBuildFile; fileRef = FA5F874725DCB3B200B1AF77 /* AppDelegate.swift */; };
		FA5F874B25DCB50A00B1AF77 /* SettingsView.swift in Sources */ = {isa = PBXBuildFile; fileRef = FA5F874A25DCB50A00B1AF77 /* SettingsView.swift */; };
		FA5F875B25DD59D000B1AF77 /* MenuBarItem.swift in Sources */ = {isa = PBXBuildFile; fileRef = FA5F875A25DD59D000B1AF77 /* MenuBarItem.swift */; };
		FA5F875F25DD637300B1AF77 /* KeyboardShortcuts in Frameworks */ = {isa = PBXBuildFile; productRef = FA5F875E25DD637300B1AF77 /* KeyboardShortcuts */; };
		FA5F876225DD63AA00B1AF77 /* KeyboardShortcuts+Extension.swift in Sources */ = {isa = PBXBuildFile; fileRef = FA5F876125DD63AA00B1AF77 /* KeyboardShortcuts+Extension.swift */; };
		FA66345C25DEFD500087CCEA /* NSImage+Extension.swift in Sources */ = {isa = PBXBuildFile; fileRef = FA66345B25DEFD500087CCEA /* NSImage+Extension.swift */; };
		FA66345F25DF05950087CCEA /* PagerView.swift in Sources */ = {isa = PBXBuildFile; fileRef = FA66345E25DF05950087CCEA /* PagerView.swift */; };
		FA6648712E18469400EF497A /* TesseractSwift in Frameworks */ = {isa = PBXBuildFile; productRef = FA6648702E18469400EF497A /* TesseractSwift */; };
		FA8A957C2B67CA41008C0B7B /* UniversalShowSettingsHack.swift in Sources */ = {isa = PBXBuildFile; fileRef = FA8A957B2B67CA41008C0B7B /* UniversalShowSettingsHack.swift */; };
		FAC3F8D02F2FDEFD006C4A56 /* TRexCore in Frameworks */ = {isa = PBXBuildFile; productRef = FAC3F8CF2F2FDEFD006C4A56 /* TRexCore */; };
		FAC3F8D22F2FDF03006C4A56 /* TRexCore in Frameworks */ = {isa = PBXBuildFile; productRef = FAC3F8D12F2FDF03006C4A56 /* TRexCore */; };
		FAC3F8D42F2FDF0B006C4A56 /* TRexCore in Frameworks */ = {isa = PBXBuildFile; productRef = FAC3F8D32F2FDF0B006C4A56 /* TRexCore */; };
		FAE335C125E0A81500CFFDAF /* NotificationName+Extension.swift in Sources */ = {isa = PBXBuildFile; fileRef = FAE335C025E0A81500CFFDAF /* NotificationName+Extension.swift */; };
		FAFAC6F5272C4CAE00011ED6 /* AboutSettingsView.swift in Sources */ = {isa = PBXBuildFile; fileRef = FAFAC6F4272C4CAE00011ED6 /* AboutSettingsView.swift */; };
		FAFAC6F7272C4CC700011ED6 /* AutomationSettingsView.swift in Sources */ = {isa = PBXBuildFile; fileRef = FAFAC6F6272C4CC700011ED6 /* AutomationSettingsView.swift */; };
		FAFAC6F9272C4CEA00011ED6 /* GeneralSettingsView.swift in Sources */ = {isa = PBXBuildFile; fileRef = FAFAC6F8272C4CEA00011ED6 /* GeneralSettingsView.swift */; };
		FAFAC6FB272C4D3E00011ED6 /* ShortcutsSettingsView.swift in Sources */ = {isa = PBXBuildFile; fileRef = FAFAC6FA272C4D3E00011ED6 /* ShortcutsSettingsView.swift */; };
		FAFF12D12739E24600B3993B /* Localizable.swift in Sources */ = {isa = PBXBuildFile; fileRef = FAFF12D02739E24600B3993B /* Localizable.swift */; };
/* End PBXBuildFile section */

/* Begin PBXCopyFilesBuildPhase section */
		FA1E9A082EF77006002A457E /* Embed Frameworks */ = {
			isa = PBXCopyFilesBuildPhase;
			buildActionMask = 2147483647;
			dstPath = "";
			dstSubfolderSpec = 10;
			files = (
			);
			name = "Embed Frameworks";
			runOnlyForDeploymentPostprocessing = 0;
		};
		FA3AEAA42C9B83F70096CCA5 /* Embed Frameworks */ = {
			isa = PBXCopyFilesBuildPhase;
			buildActionMask = 2147483647;
			dstPath = "";
			dstSubfolderSpec = 10;
			files = (
			);
			name = "Embed Frameworks";
			runOnlyForDeploymentPostprocessing = 0;
		};
		FA58E3BD27AE1DD00034837F /* Embed Frameworks */ = {
			isa = PBXCopyFilesBuildPhase;
			buildActionMask = 2147483647;
			dstPath = "";
			dstSubfolderSpec = 10;
			files = (
			);
			name = "Embed Frameworks";
			runOnlyForDeploymentPostprocessing = 0;
		};
/* End PBXCopyFilesBuildPhase section */

/* Begin PBXFileReference section */
		3957B9C42646DAEF00A62506 /* README.md */ = {isa = PBXFileReference; fileEncoding = 4; lastKnownFileType = net.daringfireball.markdown; path = README.md; sourceTree = "<group>"; };
		FA04A09E2E16C70900C6FCA2 /* TesseractSettingsView.swift */ = {isa = PBXFileReference; lastKnownFileType = sourcecode.swift; path = TesseractSettingsView.swift; sourceTree = "<group>"; };
		FA1E9A0D2EF77006002A457E /* TRex AppStore.app */ = {isa = PBXFileReference; explicitFileType = wrapper.application; includeInIndex = 0; path = "TRex AppStore.app"; sourceTree = BUILT_PRODUCTS_DIR; };
		FA1EE5FB2E1F264A009D86D8 /* Animation+App.swift */ = {isa = PBXFileReference; lastKnownFileType = sourcecode.swift; path = "Animation+App.swift"; sourceTree = "<group>"; };
		FA1EE5FC2E1F264A009D86D8 /* AnyTransition+SlideFade.swift */ = {isa = PBXFileReference; lastKnownFileType = sourcecode.swift; path = "AnyTransition+SlideFade.swift"; sourceTree = "<group>"; };
		FA1EE5FD2E1F264A009D86D8 /* Color+Brand.swift */ = {isa = PBXFileReference; lastKnownFileType = sourcecode.swift; path = "Color+Brand.swift"; sourceTree = "<group>"; };
		FA1EE5FE2E1F264A009D86D8 /* View+OnboardingStyle.swift */ = {isa = PBXFileReference; lastKnownFileType = sourcecode.swift; path = "View+OnboardingStyle.swift"; sourceTree = "<group>"; };
		FA1EE6002E1F264A009D86D8 /* Feature.swift */ = {isa = PBXFileReference; lastKnownFileType = sourcecode.swift; path = Feature.swift; sourceTree = "<group>"; };
		FA1EE6012E1F264A009D86D8 /* OnboardingPage.swift */ = {isa = PBXFileReference; lastKnownFileType = sourcecode.swift; path = OnboardingPage.swift; sourceTree = "<group>"; };
		FA1EE6022E1F264A009D86D8 /* SetupSection.swift */ = {isa = PBXFileReference; lastKnownFileType = sourcecode.swift; path = SetupSection.swift; sourceTree = "<group>"; };
		FA1EE6062E1F264A009D86D8 /* PreferenceKeys.swift */ = {isa = PBXFileReference; lastKnownFileType = sourcecode.swift; path = PreferenceKeys.swift; sourceTree = "<group>"; };
		FA1EE6082E1F264A009D86D8 /* OnboardingViewModel.swift */ = {isa = PBXFileReference; lastKnownFileType = sourcecode.swift; path = OnboardingViewModel.swift; sourceTree = "<group>"; };
		FA1EE6092E1F264A009D86D8 /* SetupViewModel.swift */ = {isa = PBXFileReference; lastKnownFileType = sourcecode.swift; path = SetupViewModel.swift; sourceTree = "<group>"; };
		FA1EE60C2E1F264A009D86D8 /* BrandBackground.swift */ = {isa = PBXFileReference; lastKnownFileType = sourcecode.swift; path = BrandBackground.swift; sourceTree = "<group>"; };
		FA1EE60D2E1F264A009D86D8 /* FeatureCard.swift */ = {isa = PBXFileReference; lastKnownFileType = sourcecode.swift; path = FeatureCard.swift; sourceTree = "<group>"; };
		FA1EE60E2E1F264A009D86D8 /* ModernTextFieldStyle.swift */ = {isa = PBXFileReference; lastKnownFileType = sourcecode.swift; path = ModernTextFieldStyle.swift; sourceTree = "<group>"; };
		FA1EE60F2E1F264A009D86D8 /* ModernToggleStyle.swift */ = {isa = PBXFileReference; lastKnownFileType = sourcecode.swift; path = ModernToggleStyle.swift; sourceTree = "<group>"; };
		FA1EE6102E1F264A009D86D8 /* NavigationFooter.swift */ = {isa = PBXFileReference; lastKnownFileType = sourcecode.swift; path = NavigationFooter.swift; sourceTree = "<group>"; };
		FA1EE6112E1F264A009D86D8 /* SetupTab.swift */ = {isa = PBXFileReference; lastKnownFileType = sourcecode.swift; path = SetupTab.swift; sourceTree = "<group>"; };
		FA1EE6132E1F264A009D86D8 /* LanguageSection.swift */ = {isa = PBXFileReference; lastKnownFileType = sourcecode.swift; path = LanguageSection.swift; sourceTree = "<group>"; };
		FA1EE6142E1F264A009D86D8 /* PermissionsSection.swift */ = {isa = PBXFileReference; lastKnownFileType = sourcecode.swift; path = PermissionsSection.swift; sourceTree = "<group>"; };
		FA1EE6152E1F264A009D86D8 /* SettingsSection.swift */ = {isa = PBXFileReference; lastKnownFileType = sourcecode.swift; path = SettingsSection.swift; sourceTree = "<group>"; };
		FA1EE6172E1F264A009D86D8 /* OnboardingView.swift */ = {isa = PBXFileReference; lastKnownFileType = sourcecode.swift; path = OnboardingView.swift; sourceTree = "<group>"; };
		FA1EE6182E1F264A009D86D8 /* SetupView.swift */ = {isa = PBXFileReference; lastKnownFileType = sourcecode.swift; path = SetupView.swift; sourceTree = "<group>"; };
		FA1EE61A2E1F264A009D86D8 /* TutorialView.swift */ = {isa = PBXFileReference; lastKnownFileType = sourcecode.swift; path = TutorialView.swift; sourceTree = "<group>"; };
		FA1EE61B2E1F264A009D86D8 /* WelcomeView.swift */ = {isa = PBXFileReference; lastKnownFileType = sourcecode.swift; path = WelcomeView.swift; sourceTree = "<group>"; };
		FA1EE63C2E1F2F5F009D86D8 /* QLImage.swift */ = {isa = PBXFileReference; lastKnownFileType = sourcecode.swift; path = QLImage.swift; sourceTree = "<group>"; };
		FA1EE63E2E1F32C0009D86D8 /* step2.gif */ = {isa = PBXFileReference; lastKnownFileType = image.gif; path = step2.gif; sourceTree = "<group>"; };
		FA1EE63F2E1F32C0009D86D8 /* step3.gif */ = {isa = PBXFileReference; lastKnownFileType = image.gif; path = step3.gif; sourceTree = "<group>"; };
		FA2B835A25DEBF8200B23F25 /* Credits.rtf */ = {isa = PBXFileReference; lastKnownFileType = text.rtf; path = Credits.rtf; sourceTree = "<group>"; };
		FA3AEAA62C9B85230096CCA5 /* TRexCore */ = {isa = PBXFileReference; lastKnownFileType = wrapper; path = TRexCore; sourceTree = "<group>"; };
		FA3AEAAE2C9B8BCB0096CCA5 /* LaunchAtLogin.swift */ = {isa = PBXFileReference; lastKnownFileType = sourcecode.swift; path = LaunchAtLogin.swift; sourceTree = "<group>"; };
		FA48BA2F25DDEBCE00E98F77 /* EnumPicker.swift */ = {isa = PBXFileReference; lastKnownFileType = sourcecode.swift; path = EnumPicker.swift; sourceTree = "<group>"; };
		FA58E39427AB74530034837F /* CustomWordsView.swift */ = {isa = PBXFileReference; lastKnownFileType = sourcecode.swift; path = CustomWordsView.swift; sourceTree = "<group>"; };
		FA58E39627AC7F630034837F /* Utils.swift */ = {isa = PBXFileReference; lastKnownFileType = sourcecode.swift; path = Utils.swift; sourceTree = "<group>"; };
		FA58E3A127AE1CFA0034837F /* main.swift */ = {isa = PBXFileReference; lastKnownFileType = sourcecode.swift; path = main.swift; sourceTree = "<group>"; };
		FA58E3D627AE28990034837F /* TRex CMD.entitlements */ = {isa = PBXFileReference; lastKnownFileType = text.plist.entitlements; path = "TRex CMD.entitlements"; sourceTree = "<group>"; };
		FA58E3E227AF4F870034837F /* Info.plist */ = {isa = PBXFileReference; fileEncoding = 4; lastKnownFileType = text.plist.xml; path = Info.plist; sourceTree = "<group>"; };
		FA5F872E25DC243200B1AF77 /* TRex.app */ = {isa = PBXFileReference; explicitFileType = wrapper.application; includeInIndex = 0; path = TRex.app; sourceTree = BUILT_PRODUCTS_DIR; };
		FA5F873125DC243200B1AF77 /* TRexApp.swift */ = {isa = PBXFileReference; lastKnownFileType = sourcecode.swift; path = TRexApp.swift; sourceTree = "<group>"; };
		FA5F873525DC243400B1AF77 /* Assets.xcassets */ = {isa = PBXFileReference; lastKnownFileType = folder.assetcatalog; path = Assets.xcassets; sourceTree = "<group>"; };
		FA5F873825DC243400B1AF77 /* Preview Assets.xcassets */ = {isa = PBXFileReference; lastKnownFileType = folder.assetcatalog; path = "Preview Assets.xcassets"; sourceTree = "<group>"; };
		FA5F873A25DC243400B1AF77 /* Info.plist */ = {isa = PBXFileReference; lastKnownFileType = text.plist.xml; path = Info.plist; sourceTree = "<group>"; };
		FA5F873B25DC243400B1AF77 /* TRex.entitlements */ = {isa = PBXFileReference; lastKnownFileType = text.plist.entitlements; path = TRex.entitlements; sourceTree = "<group>"; };
		FA5F874725DCB3B200B1AF77 /* AppDelegate.swift */ = {isa = PBXFileReference; lastKnownFileType = sourcecode.swift; path = AppDelegate.swift; sourceTree = "<group>"; };
		FA5F874A25DCB50A00B1AF77 /* SettingsView.swift */ = {isa = PBXFileReference; lastKnownFileType = sourcecode.swift; path = SettingsView.swift; sourceTree = "<group>"; };
		FA5F875A25DD59D000B1AF77 /* MenuBarItem.swift */ = {isa = PBXFileReference; lastKnownFileType = sourcecode.swift; path = MenuBarItem.swift; sourceTree = "<group>"; };
		FA5F876125DD63AA00B1AF77 /* KeyboardShortcuts+Extension.swift */ = {isa = PBXFileReference; lastKnownFileType = sourcecode.swift; path = "KeyboardShortcuts+Extension.swift"; sourceTree = "<group>"; };
		FA66345B25DEFD500087CCEA /* NSImage+Extension.swift */ = {isa = PBXFileReference; lastKnownFileType = sourcecode.swift; path = "NSImage+Extension.swift"; sourceTree = "<group>"; };
		FA66345E25DF05950087CCEA /* PagerView.swift */ = {isa = PBXFileReference; lastKnownFileType = sourcecode.swift; path = PagerView.swift; sourceTree = "<group>"; };
		FA8A957B2B67CA41008C0B7B /* UniversalShowSettingsHack.swift */ = {isa = PBXFileReference; lastKnownFileType = sourcecode.swift; path = UniversalShowSettingsHack.swift; sourceTree = "<group>"; };
		FAE335C025E0A81500CFFDAF /* NotificationName+Extension.swift */ = {isa = PBXFileReference; lastKnownFileType = sourcecode.swift; path = "NotificationName+Extension.swift"; sourceTree = "<group>"; };
		FAEBC6CF2EBAC8230068BB97 /* trex */ = {isa = PBXFileReference; explicitFileType = "compiled.mach-o.executable"; includeInIndex = 0; path = trex; sourceTree = BUILT_PRODUCTS_DIR; };
		FAFAC6F4272C4CAE00011ED6 /* AboutSettingsView.swift */ = {isa = PBXFileReference; lastKnownFileType = sourcecode.swift; path = AboutSettingsView.swift; sourceTree = "<group>"; };
		FAFAC6F6272C4CC700011ED6 /* AutomationSettingsView.swift */ = {isa = PBXFileReference; lastKnownFileType = sourcecode.swift; path = AutomationSettingsView.swift; sourceTree = "<group>"; };
		FAFAC6F8272C4CEA00011ED6 /* GeneralSettingsView.swift */ = {isa = PBXFileReference; lastKnownFileType = sourcecode.swift; path = GeneralSettingsView.swift; sourceTree = "<group>"; };
		FAFAC6FA272C4D3E00011ED6 /* ShortcutsSettingsView.swift */ = {isa = PBXFileReference; lastKnownFileType = sourcecode.swift; path = ShortcutsSettingsView.swift; sourceTree = "<group>"; };
		FAFF12D02739E24600B3993B /* Localizable.swift */ = {isa = PBXFileReference; lastKnownFileType = sourcecode.swift; path = Localizable.swift; sourceTree = "<group>"; };
/* End PBXFileReference section */

/* Begin PBXFrameworksBuildPhase section */
		FA1E99FC2EF77006002A457E /* Frameworks */ = {
			isa = PBXFrameworksBuildPhase;
			buildActionMask = 2147483647;
			files = (
				FA1E99FF2EF77006002A457E /* KeyboardShortcuts in Frameworks */,
				FAC3F8D42F2FDF0B006C4A56 /* TRexCore in Frameworks */,
				FA1E9A002EF77006002A457E /* TesseractSwift in Frameworks */,
			);
			runOnlyForDeploymentPostprocessing = 0;
		};
		FA58E39C27AE1CFA0034837F /* Frameworks */ = {
			isa = PBXFrameworksBuildPhase;
			buildActionMask = 2147483647;
			files = (
				FAC3F8D22F2FDF03006C4A56 /* TRexCore in Frameworks */,
				FA58E3E127AE31DF0034837F /* ArgumentParser in Frameworks */,
			);
			runOnlyForDeploymentPostprocessing = 0;
		};
		FA5F872B25DC243200B1AF77 /* Frameworks */ = {
			isa = PBXFrameworksBuildPhase;
			buildActionMask = 2147483647;
			files = (
				FAC3F8D02F2FDEFD006C4A56 /* TRexCore in Frameworks */,
				FA1EE6452E254E54009D86D8 /* Sparkle in Frameworks */,
				FA5F875F25DD637300B1AF77 /* KeyboardShortcuts in Frameworks */,
				FA6648712E18469400EF497A /* TesseractSwift in Frameworks */,
			);
			runOnlyForDeploymentPostprocessing = 0;
		};
/* End PBXFrameworksBuildPhase section */

/* Begin PBXGroup section */
		FA1EE5FF2E1F264A009D86D8 /* Extensions */ = {
			isa = PBXGroup;
			children = (
				FA1EE5FB2E1F264A009D86D8 /* Animation+App.swift */,
				FA1EE5FC2E1F264A009D86D8 /* AnyTransition+SlideFade.swift */,
				FA1EE5FD2E1F264A009D86D8 /* Color+Brand.swift */,
				FA1EE5FE2E1F264A009D86D8 /* View+OnboardingStyle.swift */,
			);
			path = Extensions;
			sourceTree = "<group>";
		};
		FA1EE6042E1F264A009D86D8 /* Models */ = {
			isa = PBXGroup;
			children = (
				FA1EE6002E1F264A009D86D8 /* Feature.swift */,
				FA1EE6012E1F264A009D86D8 /* OnboardingPage.swift */,
				FA1EE6022E1F264A009D86D8 /* SetupSection.swift */,
			);
			path = Models;
			sourceTree = "<group>";
		};
		FA1EE6072E1F264A009D86D8 /* Services */ = {
			isa = PBXGroup;
			children = (
				FA1EE6062E1F264A009D86D8 /* PreferenceKeys.swift */,
			);
			path = Services;
			sourceTree = "<group>";
		};
		FA1EE60B2E1F264A009D86D8 /* ViewModels */ = {
			isa = PBXGroup;
			children = (
				FA1EE6082E1F264A009D86D8 /* OnboardingViewModel.swift */,
				FA1EE6092E1F264A009D86D8 /* SetupViewModel.swift */,
			);
			path = ViewModels;
			sourceTree = "<group>";
		};
		FA1EE6122E1F264A009D86D8 /* Components */ = {
			isa = PBXGroup;
			children = (
				FA1EE63C2E1F2F5F009D86D8 /* QLImage.swift */,
				FA1EE60C2E1F264A009D86D8 /* BrandBackground.swift */,
				FA1EE60D2E1F264A009D86D8 /* FeatureCard.swift */,
				FA1EE60E2E1F264A009D86D8 /* ModernTextFieldStyle.swift */,
				FA1EE60F2E1F264A009D86D8 /* ModernToggleStyle.swift */,
				FA1EE6102E1F264A009D86D8 /* NavigationFooter.swift */,
				FA1EE6112E1F264A009D86D8 /* SetupTab.swift */,
			);
			path = Components;
			sourceTree = "<group>";
		};
		FA1EE6162E1F264A009D86D8 /* SetupSections */ = {
			isa = PBXGroup;
			children = (
				FA1EE6132E1F264A009D86D8 /* LanguageSection.swift */,
				FA1EE6142E1F264A009D86D8 /* PermissionsSection.swift */,
				FA1EE6152E1F264A009D86D8 /* SettingsSection.swift */,
			);
			path = SetupSections;
			sourceTree = "<group>";
		};
		FA1EE61C2E1F264A009D86D8 /* Views */ = {
			isa = PBXGroup;
			children = (
				FA1EE6122E1F264A009D86D8 /* Components */,
				FA1EE6162E1F264A009D86D8 /* SetupSections */,
				FA1EE6172E1F264A009D86D8 /* OnboardingView.swift */,
				FA1EE6182E1F264A009D86D8 /* SetupView.swift */,
				FA1EE61A2E1F264A009D86D8 /* TutorialView.swift */,
				FA1EE61B2E1F264A009D86D8 /* WelcomeView.swift */,
			);
			path = Views;
			sourceTree = "<group>";
		};
		FA1EE6402E1F32C0009D86D8 /* Gifs */ = {
			isa = PBXGroup;
			children = (
				FA1EE63E2E1F32C0009D86D8 /* step2.gif */,
				FA1EE63F2E1F32C0009D86D8 /* step3.gif */,
			);
			path = Gifs;
			sourceTree = "<group>";
		};
		FA2B835E25DEC2EE00B23F25 /* Onboarding */ = {
			isa = PBXGroup;
			children = (
				FA1EE5FF2E1F264A009D86D8 /* Extensions */,
				FA1EE6042E1F264A009D86D8 /* Models */,
				FA1EE6072E1F264A009D86D8 /* Services */,
				FA1EE60B2E1F264A009D86D8 /* ViewModels */,
				FA1EE61C2E1F264A009D86D8 /* Views */,
				FA66345E25DF05950087CCEA /* PagerView.swift */,
			);
			path = Onboarding;
			sourceTree = "<group>";
		};
		FA2B835F25DEC2FD00B23F25 /* Settings */ = {
			isa = PBXGroup;
			children = (
				FA04A09E2E16C70900C6FCA2 /* TesseractSettingsView.swift */,
				FA5F874A25DCB50A00B1AF77 /* SettingsView.swift */,
				FAFAC6F8272C4CEA00011ED6 /* GeneralSettingsView.swift */,
				FAFAC6FA272C4D3E00011ED6 /* ShortcutsSettingsView.swift */,
				FAFAC6F4272C4CAE00011ED6 /* AboutSettingsView.swift */,
				FAFAC6F6272C4CC700011ED6 /* AutomationSettingsView.swift */,
				FA58E39427AB74530034837F /* CustomWordsView.swift */,
			);
			path = Settings;
			sourceTree = "<group>";
		};
		FA3AEAA52C9B84DB0096CCA5 /* Packages */ = {
			isa = PBXGroup;
			children = (
				FA3AEAA62C9B85230096CCA5 /* TRexCore */,
			);
			path = Packages;
			sourceTree = "<group>";
		};
		FA48BA3225DDEBD500E98F77 /* Helpers */ = {
			isa = PBXGroup;
			children = (
				FA48BA2F25DDEBCE00E98F77 /* EnumPicker.swift */,
				FA66345B25DEFD500087CCEA /* NSImage+Extension.swift */,
				FAE335C025E0A81500CFFDAF /* NotificationName+Extension.swift */,
			);
			path = Helpers;
			sourceTree = "<group>";
		};
		FA58E3A027AE1CFA0034837F /* TRex CMD */ = {
			isa = PBXGroup;
			children = (
				FA58E3E227AF4F870034837F /* Info.plist */,
				FA58E3D627AE28990034837F /* TRex CMD.entitlements */,
				FA58E3A127AE1CFA0034837F /* main.swift */,
			);
			path = "TRex CMD";
			sourceTree = "<group>";
		};
		FA58E3AA27AE1D8F0034837F /* Frameworks */ = {
			isa = PBXGroup;
			children = (
			);
			name = Frameworks;
			sourceTree = "<group>";
		};
		FA5F872525DC243200B1AF77 = {
			isa = PBXGroup;
			children = (
				FA3AEAA52C9B84DB0096CCA5 /* Packages */,
				3957B9C42646DAEF00A62506 /* README.md */,
				FA5F873025DC243200B1AF77 /* TRex */,
				FA58E3A027AE1CFA0034837F /* TRex CMD */,
				FA5F872F25DC243200B1AF77 /* Products */,
				FA58E3AA27AE1D8F0034837F /* Frameworks */,
			);
			sourceTree = "<group>";
		};
		FA5F872F25DC243200B1AF77 /* Products */ = {
			isa = PBXGroup;
			children = (
				FA5F872E25DC243200B1AF77 /* TRex.app */,
				FAEBC6CF2EBAC8230068BB97 /* trex */,
				FA1E9A0D2EF77006002A457E /* TRex AppStore.app */,
			);
			name = Products;
			sourceTree = "<group>";
		};
		FA5F873025DC243200B1AF77 /* TRex */ = {
			isa = PBXGroup;
			children = (
				FA5F873125DC243200B1AF77 /* TRexApp.swift */,
				FA5F874725DCB3B200B1AF77 /* AppDelegate.swift */,
				FA3AEAAE2C9B8BCB0096CCA5 /* LaunchAtLogin.swift */,
				FA5F876425DDE12A00B1AF77 /* Resources */,
				FA5F876A25DDE20D00B1AF77 /* App */,
				FA5F873725DC243400B1AF77 /* Preview Content */,
			);
			path = TRex;
			sourceTree = "<group>";
		};
		FA5F873725DC243400B1AF77 /* Preview Content */ = {
			isa = PBXGroup;
			children = (
				FA5F873825DC243400B1AF77 /* Preview Assets.xcassets */,
			);
			path = "Preview Content";
			sourceTree = "<group>";
		};
		FA5F876425DDE12A00B1AF77 /* Resources */ = {
			isa = PBXGroup;
			children = (
				FA1EE6402E1F32C0009D86D8 /* Gifs */,
				FAFF12CF2739E23900B3993B /* Localization */,
				FA5F873B25DC243400B1AF77 /* TRex.entitlements */,
				FA5F873525DC243400B1AF77 /* Assets.xcassets */,
				FA5F873A25DC243400B1AF77 /* Info.plist */,
				FA2B835A25DEBF8200B23F25 /* Credits.rtf */,
			);
			path = Resources;
			sourceTree = "<group>";
		};
		FA5F876825DDE18B00B1AF77 /* UI */ = {
			isa = PBXGroup;
			children = (
				FA5F875A25DD59D000B1AF77 /* MenuBarItem.swift */,
				FA2B835F25DEC2FD00B23F25 /* Settings */,
				FA2B835E25DEC2EE00B23F25 /* Onboarding */,
				FA48BA3225DDEBD500E98F77 /* Helpers */,
			);
			path = UI;
			sourceTree = "<group>";
		};
		FA5F876A25DDE20D00B1AF77 /* App */ = {
			isa = PBXGroup;
			children = (
				FA5F876125DD63AA00B1AF77 /* KeyboardShortcuts+Extension.swift */,
				FA8A957B2B67CA41008C0B7B /* UniversalShowSettingsHack.swift */,
				FA58E39627AC7F630034837F /* Utils.swift */,
				FA5F876825DDE18B00B1AF77 /* UI */,
			);
			path = App;
			sourceTree = "<group>";
		};
		FAFF12CF2739E23900B3993B /* Localization */ = {
			isa = PBXGroup;
			children = (
				FAFF12D02739E24600B3993B /* Localizable.swift */,
			);
			path = Localization;
			sourceTree = "<group>";
		};
/* End PBXGroup section */

/* Begin PBXNativeTarget section */
		FA1E99C82EF77006002A457E /* TRex AppStore */ = {
			isa = PBXNativeTarget;
			buildConfigurationList = FA1E9A0A2EF77006002A457E /* Build configuration list for PBXNativeTarget "TRex AppStore" */;
			buildPhases = (
				FA1E99CF2EF77006002A457E /* Swift Format */,
				FA1E99D02EF77006002A457E /* Sources */,
				FA1E99FC2EF77006002A457E /* Frameworks */,
				FA1E9A012EF77006002A457E /* Resources */,
				FA1E9A082EF77006002A457E /* Embed Frameworks */,
				FA1E9A092EF77006002A457E /* Version */,
			);
			buildRules = (
			);
			dependencies = (
			);
			name = "TRex AppStore";
			packageProductDependencies = (
				FA1E99C92EF77006002A457E /* KeyboardShortcuts */,
				FA1E99CC2EF77006002A457E /* TesseractSwift */,
				FAC3F8D32F2FDF0B006C4A56 /* TRexCore */,
			);
			productName = TRex;
			productReference = FA1E9A0D2EF77006002A457E /* TRex AppStore.app */;
			productType = "com.apple.product-type.application";
		};
		FA58E39E27AE1CFA0034837F /* trex */ = {
			isa = PBXNativeTarget;
			buildConfigurationList = FA58E3A527AE1CFA0034837F /* Build configuration list for PBXNativeTarget "trex" */;
			buildPhases = (
				FA58E3CB27AE24930034837F /* Swift Format */,
				FA58E39B27AE1CFA0034837F /* Sources */,
				FA58E39C27AE1CFA0034837F /* Frameworks */,
				FA3AEAA42C9B83F70096CCA5 /* Embed Frameworks */,
			);
			buildRules = (
			);
			dependencies = (
			);
			name = trex;
			packageProductDependencies = (
				FA58E3E027AE31DF0034837F /* ArgumentParser */,
				FAC3F8D12F2FDF03006C4A56 /* TRexCore */,
			);
			productName = "TRex CMD";
			productReference = FAEBC6CF2EBAC8230068BB97 /* trex */;
			productType = "com.apple.product-type.tool";
		};
		FA5F872D25DC243200B1AF77 /* TRex */ = {
			isa = PBXNativeTarget;
			buildConfigurationList = FA5F873E25DC243400B1AF77 /* Build configuration list for PBXNativeTarget "TRex" */;
			buildPhases = (
				FA58E39827ACD1D00034837F /* Swift Format */,
				FA5F872A25DC243200B1AF77 /* Sources */,
				FA5F872B25DC243200B1AF77 /* Frameworks */,
				FA5F872C25DC243200B1AF77 /* Resources */,
				FA58E3BD27AE1DD00034837F /* Embed Frameworks */,
				39CBA9AC25E160E800FDE12E /* Version */,
			);
			buildRules = (
			);
			dependencies = (
			);
			name = TRex;
			packageProductDependencies = (
				FA5F875E25DD637300B1AF77 /* KeyboardShortcuts */,
				FA6648702E18469400EF497A /* TesseractSwift */,
				FA1EE6442E254E54009D86D8 /* Sparkle */,
				FAC3F8CF2F2FDEFD006C4A56 /* TRexCore */,
			);
			productName = TRex;
			productReference = FA5F872E25DC243200B1AF77 /* TRex.app */;
			productType = "com.apple.product-type.application";
		};
/* End PBXNativeTarget section */

/* Begin PBXProject section */
		FA5F872625DC243200B1AF77 /* Project object */ = {
			isa = PBXProject;
			attributes = {
				BuildIndependentTargetsInParallel = YES;
				LastSwiftUpdateCheck = 1320;
				LastUpgradeCheck = 1600;
				TargetAttributes = {
					FA58E39E27AE1CFA0034837F = {
						CreatedOnToolsVersion = 13.2;
					};
					FA5F872D25DC243200B1AF77 = {
						CreatedOnToolsVersion = 12.4;
						LastSwiftMigration = 1630;
					};
				};
			};
			buildConfigurationList = FA5F872925DC243200B1AF77 /* Build configuration list for PBXProject "TRex" */;
			compatibilityVersion = "Xcode 9.3";
			developmentRegion = en;
			hasScannedForEncodings = 0;
			knownRegions = (
				en,
				Base,
			);
			mainGroup = FA5F872525DC243200B1AF77;
			packageReferences = (
				FA5F875D25DD637300B1AF77 /* XCRemoteSwiftPackageReference "KeyboardShortcuts" */,
				FA58E3DF27AE31DF0034837F /* XCRemoteSwiftPackageReference "swift-argument-parser" */,
				FA1EE6432E254E54009D86D8 /* XCRemoteSwiftPackageReference "Sparkle" */,
			);
			productRefGroup = FA5F872F25DC243200B1AF77 /* Products */;
			projectDirPath = "";
			projectRoot = "";
			targets = (
				FA5F872D25DC243200B1AF77 /* TRex */,
				FA58E39E27AE1CFA0034837F /* trex */,
				FA1E99C82EF77006002A457E /* TRex AppStore */,
			);
		};
/* End PBXProject section */

/* Begin PBXResourcesBuildPhase section */
		FA1E9A012EF77006002A457E /* Resources */ = {
			isa = PBXResourcesBuildPhase;
			buildActionMask = 2147483647;
			files = (
				FA1E9A022EF77006002A457E /* step2.gif in Resources */,
				FA1E9A032EF77006002A457E /* step3.gif in Resources */,
				FA1E9A042EF77006002A457E /* Credits.rtf in Resources */,
				FA1E9A052EF77006002A457E /* Preview Assets.xcassets in Resources */,
				FA1E9A062EF77006002A457E /* README.md in Resources */,
				FA1E9A072EF77006002A457E /* Assets.xcassets in Resources */,
			);
			runOnlyForDeploymentPostprocessing = 0;
		};
		FA5F872C25DC243200B1AF77 /* Resources */ = {
			isa = PBXResourcesBuildPhase;
			buildActionMask = 2147483647;
			files = (
				FA1EE6412E1F32C0009D86D8 /* step2.gif in Resources */,
				FA1EE6422E1F32C0009D86D8 /* step3.gif in Resources */,
				FA2B835B25DEBF8200B23F25 /* Credits.rtf in Resources */,
				FA5F873925DC243400B1AF77 /* Preview Assets.xcassets in Resources */,
				3957B9C52646DAEF00A62506 /* README.md in Resources */,
				FA5F873625DC243400B1AF77 /* Assets.xcassets in Resources */,
			);
			runOnlyForDeploymentPostprocessing = 0;
		};
/* End PBXResourcesBuildPhase section */

/* Begin PBXShellScriptBuildPhase section */
		39CBA9AC25E160E800FDE12E /* Version */ = {
			isa = PBXShellScriptBuildPhase;
			alwaysOutOfDate = 1;
			buildActionMask = 2147483647;
			files = (
			);
			inputFileListPaths = (
			);
			inputPaths = (
			);
			name = Version;
			outputFileListPaths = (
			);
			outputPaths = (
			);
			runOnlyForDeploymentPostprocessing = 0;
			shellPath = /bin/sh;
			shellScript = "# Type a script or drag a script file from your workspace to insert its path.\n#buildNumber=$(git rev-list --count HEAD)\n#/usr/libexec/PlistBuddy -c \"Set :CFBundleVersion $buildNumber\" \"$PRODUCT_SETTINGS_PATH\"\n";
		};
		FA1E99CF2EF77006002A457E /* Swift Format */ = {
			isa = PBXShellScriptBuildPhase;
			alwaysOutOfDate = 1;
			buildActionMask = 2147483647;
			files = (
			);
			inputFileListPaths = (
			);
			inputPaths = (
			);
			name = "Swift Format";
			outputFileListPaths = (
			);
			outputPaths = (
			);
			runOnlyForDeploymentPostprocessing = 0;
			shellPath = /bin/sh;
			shellScript = "# Type a script or drag a script file from your workspace to insert its path.\n#if which swiftformat >/dev/null; then\n # swiftformat --swiftversion \"5.7.0\" \"$SRCROOT\"\n#else\n # echo \"warning: SwiftFormat not installed, download from https://github.com/nicklockwood/SwiftFormat\"\n#fi\n";
		};
		FA1E9A092EF77006002A457E /* Version */ = {
			isa = PBXShellScriptBuildPhase;
			alwaysOutOfDate = 1;
			buildActionMask = 2147483647;
			files = (
			);
			inputFileListPaths = (
			);
			inputPaths = (
			);
			name = Version;
			outputFileListPaths = (
			);
			outputPaths = (
			);
			runOnlyForDeploymentPostprocessing = 0;
			shellPath = /bin/sh;
			shellScript = "# Type a script or drag a script file from your workspace to insert its path.\n#buildNumber=$(git rev-list --count HEAD)\n#/usr/libexec/PlistBuddy -c \"Set :CFBundleVersion $buildNumber\" \"$PRODUCT_SETTINGS_PATH\"\n";
		};
		FA58E39827ACD1D00034837F /* Swift Format */ = {
			isa = PBXShellScriptBuildPhase;
			alwaysOutOfDate = 1;
			buildActionMask = 2147483647;
			files = (
			);
			inputFileListPaths = (
			);
			inputPaths = (
			);
			name = "Swift Format";
			outputFileListPaths = (
			);
			outputPaths = (
			);
			runOnlyForDeploymentPostprocessing = 0;
			shellPath = /bin/sh;
			shellScript = "# Type a script or drag a script file from your workspace to insert its path.\n#if which swiftformat >/dev/null; then\n # swiftformat --swiftversion \"5.7.0\" \"$SRCROOT\"\n#else\n # echo \"warning: SwiftFormat not installed, download from https://github.com/nicklockwood/SwiftFormat\"\n#fi\n";
		};
		FA58E3CB27AE24930034837F /* Swift Format */ = {
			isa = PBXShellScriptBuildPhase;
			alwaysOutOfDate = 1;
			buildActionMask = 2147483647;
			files = (
			);
			inputFileListPaths = (
			);
			inputPaths = (
			);
			name = "Swift Format";
			outputFileListPaths = (
			);
			outputPaths = (
			);
			runOnlyForDeploymentPostprocessing = 0;
			shellPath = /bin/sh;
			shellScript = "# Type a script or drag a script file from your workspace to insert its path.\n#if which swiftformat >/dev/null; then\n # swiftformat --swiftversion \"5.7.0\" \"$SRCROOT\"\n#else\n # echo \"warning: SwiftFormat not installed, download from https://github.com/nicklockwood/SwiftFormat\"\n#fi\n";
		};
/* End PBXShellScriptBuildPhase section */

/* Begin PBXSourcesBuildPhase section */
		FA1E99D02EF77006002A457E /* Sources */ = {
			isa = PBXSourcesBuildPhase;
			buildActionMask = 2147483647;
			files = (
				FA1E99D12EF77006002A457E /* LaunchAtLogin.swift in Sources */,
				FA1E99D22EF77006002A457E /* WelcomeView.swift in Sources */,
				FA1E99D32EF77006002A457E /* SetupSection.swift in Sources */,
				FA1E99D42EF77006002A457E /* LanguageSection.swift in Sources */,
				FA1E99D52EF77006002A457E /* OnboardingViewModel.swift in Sources */,
				FA1E99D62EF77006002A457E /* Feature.swift in Sources */,
				FA1E99D72EF77006002A457E /* SettingsSection.swift in Sources */,
				FA1E99D82EF77006002A457E /* ModernTextFieldStyle.swift in Sources */,
				FA1E99D92EF77006002A457E /* Color+Brand.swift in Sources */,
				FA1E99DA2EF77006002A457E /* SetupView.swift in Sources */,
				FA1E99DB2EF77006002A457E /* OnboardingView.swift in Sources */,
				FA1E99DC2EF77006002A457E /* BrandBackground.swift in Sources */,
				FA1E99DD2EF77006002A457E /* TutorialView.swift in Sources */,
				FA1E99DE2EF77006002A457E /* PreferenceKeys.swift in Sources */,
				FA1E99DF2EF77006002A457E /* QLImage.swift in Sources */,
				FA1E99E02EF77006002A457E /* Animation+App.swift in Sources */,
				FA1E99E12EF77006002A457E /* SetupViewModel.swift in Sources */,
				FA1E99E22EF77006002A457E /* PermissionsSection.swift in Sources */,
				FA1E99E32EF77006002A457E /* NavigationFooter.swift in Sources */,
				FA1E99E42EF77006002A457E /* OnboardingPage.swift in Sources */,
				FA1E99E52EF77006002A457E /* FeatureCard.swift in Sources */,
				FA1E99E62EF77006002A457E /* AnyTransition+SlideFade.swift in Sources */,
				FA1E99E72EF77006002A457E /* SetupTab.swift in Sources */,
				FA1E99E82EF77006002A457E /* ModernToggleStyle.swift in Sources */,
				FA1E99E92EF77006002A457E /* View+OnboardingStyle.swift in Sources */,
				FA1E99EA2EF77006002A457E /* ShortcutsSettingsView.swift in Sources */,
				FA1E99EB2EF77006002A457E /* PagerView.swift in Sources */,
				FA1E99EC2EF77006002A457E /* TesseractSettingsView.swift in Sources */,
				FA1E99ED2EF77006002A457E /* AboutSettingsView.swift in Sources */,
				FA1E99EE2EF77006002A457E /* NotificationName+Extension.swift in Sources */,
				FA1E99EF2EF77006002A457E /* Localizable.swift in Sources */,
				FA1E99F02EF77006002A457E /* AppDelegate.swift in Sources */,
				FA1E99F12EF77006002A457E /* NSImage+Extension.swift in Sources */,
				FA1E99F22EF77006002A457E /* MenuBarItem.swift in Sources */,
				FA1E99F32EF77006002A457E /* KeyboardShortcuts+Extension.swift in Sources */,
				FA1E99F42EF77006002A457E /* UniversalShowSettingsHack.swift in Sources */,
				FA1E99F52EF77006002A457E /* SettingsView.swift in Sources */,
				FA1E99F62EF77006002A457E /* GeneralSettingsView.swift in Sources */,
				FA1E99F72EF77006002A457E /* EnumPicker.swift in Sources */,
				FA1E99F82EF77006002A457E /* Utils.swift in Sources */,
				FA1E99F92EF77006002A457E /* AutomationSettingsView.swift in Sources */,
				FA1E99FA2EF77006002A457E /* TRexApp.swift in Sources */,
				FA1E99FB2EF77006002A457E /* CustomWordsView.swift in Sources */,
			);
			runOnlyForDeploymentPostprocessing = 0;
		};
		FA58E39B27AE1CFA0034837F /* Sources */ = {
			isa = PBXSourcesBuildPhase;
			buildActionMask = 2147483647;
			files = (
				FA58E3A227AE1CFA0034837F /* main.swift in Sources */,
			);
			runOnlyForDeploymentPostprocessing = 0;
		};
		FA5F872A25DC243200B1AF77 /* Sources */ = {
			isa = PBXSourcesBuildPhase;
			buildActionMask = 2147483647;
			files = (
				FA3AEAAF2C9B8BCB0096CCA5 /* LaunchAtLogin.swift in Sources */,
				FA1EE61D2E1F264A009D86D8 /* WelcomeView.swift in Sources */,
				FA1EE61E2E1F264A009D86D8 /* SetupSection.swift in Sources */,
				FA1EE61F2E1F264A009D86D8 /* LanguageSection.swift in Sources */,
				FA1EE6212E1F264A009D86D8 /* OnboardingViewModel.swift in Sources */,
				FA1EE6222E1F264A009D86D8 /* Feature.swift in Sources */,
				FA1EE6232E1F264A009D86D8 /* SettingsSection.swift in Sources */,
				FA1EE6242E1F264A009D86D8 /* ModernTextFieldStyle.swift in Sources */,
				FA1EE6252E1F264A009D86D8 /* Color+Brand.swift in Sources */,
				FA1EE6262E1F264A009D86D8 /* SetupView.swift in Sources */,
				FA1EE6292E1F264A009D86D8 /* OnboardingView.swift in Sources */,
				FA1EE62A2E1F264A009D86D8 /* BrandBackground.swift in Sources */,
				FA1EE62B2E1F264A009D86D8 /* TutorialView.swift in Sources */,
				FA1EE62C2E1F264A009D86D8 /* PreferenceKeys.swift in Sources */,
				FA1EE63D2E1F2F5F009D86D8 /* QLImage.swift in Sources */,
				FA1EE62D2E1F264A009D86D8 /* Animation+App.swift in Sources */,
				FA1EE62F2E1F264A009D86D8 /* SetupViewModel.swift in Sources */,
				FA1EE6302E1F264A009D86D8 /* PermissionsSection.swift in Sources */,
				FA1EE6312E1F264A009D86D8 /* NavigationFooter.swift in Sources */,
				FA1EE6322E1F264A009D86D8 /* OnboardingPage.swift in Sources */,
				FA1EE6332E1F264A009D86D8 /* FeatureCard.swift in Sources */,
				FA1EE6342E1F264A009D86D8 /* AnyTransition+SlideFade.swift in Sources */,
				FA1EE6352E1F264A009D86D8 /* SetupTab.swift in Sources */,
				FA1EE6362E1F264A009D86D8 /* ModernToggleStyle.swift in Sources */,
				FA1EE6372E1F264A009D86D8 /* View+OnboardingStyle.swift in Sources */,
				FAFAC6FB272C4D3E00011ED6 /* ShortcutsSettingsView.swift in Sources */,
				FA66345F25DF05950087CCEA /* PagerView.swift in Sources */,
				FA04A09F2E16C70900C6FCA2 /* TesseractSettingsView.swift in Sources */,
				FAFAC6F5272C4CAE00011ED6 /* AboutSettingsView.swift in Sources */,
				FAE335C125E0A81500CFFDAF /* NotificationName+Extension.swift in Sources */,
				FAFF12D12739E24600B3993B /* Localizable.swift in Sources */,
				FA5F874825DCB3B200B1AF77 /* AppDelegate.swift in Sources */,
				FA66345C25DEFD500087CCEA /* NSImage+Extension.swift in Sources */,
				FA5F875B25DD59D000B1AF77 /* MenuBarItem.swift in Sources */,
				FA5F876225DD63AA00B1AF77 /* KeyboardShortcuts+Extension.swift in Sources */,
				FA8A957C2B67CA41008C0B7B /* UniversalShowSettingsHack.swift in Sources */,
				FA5F874B25DCB50A00B1AF77 /* SettingsView.swift in Sources */,
				FAFAC6F9272C4CEA00011ED6 /* GeneralSettingsView.swift in Sources */,
				FA48BA3025DDEBCE00E98F77 /* EnumPicker.swift in Sources */,
				FA58E39727AC7F630034837F /* Utils.swift in Sources */,
				FAFAC6F7272C4CC700011ED6 /* AutomationSettingsView.swift in Sources */,
				FA5F873225DC243200B1AF77 /* TRexApp.swift in Sources */,
				FA58E39527AB74530034837F /* CustomWordsView.swift in Sources */,
			);
			runOnlyForDeploymentPostprocessing = 0;
		};
/* End PBXSourcesBuildPhase section */

/* Begin XCBuildConfiguration section */
		FA1E9A0B2EF77006002A457E /* Debug */ = {
			isa = XCBuildConfiguration;
			buildSettings = {
				ASSETCATALOG_COMPILER_APPICON_NAME = AppIcon;
				ASSETCATALOG_COMPILER_GLOBAL_ACCENT_COLOR_NAME = AccentColor;
				CLANG_ENABLE_MODULES = YES;
				CODE_SIGN_ENTITLEMENTS = "TRex/Resources/TRex-AppStore.entitlements";
				CODE_SIGN_IDENTITY = "Apple Development";
				"CODE_SIGN_IDENTITY[sdk=macosx*]" = "-";
				CODE_SIGN_INJECT_BASE_ENTITLEMENTS = YES;
				CODE_SIGN_STYLE = Automatic;
				COMBINE_HIDPI_IMAGES = YES;
				CURRENT_PROJECT_VERSION = 149;
				DEAD_CODE_STRIPPING = YES;
				DEVELOPMENT_ASSET_PATHS = "\"TRex/Preview Content\"";
				DEVELOPMENT_TEAM = X93LWC49WV;
				ENABLE_HARDENED_RUNTIME = YES;
				ENABLE_PREVIEWS = YES;
				INFOPLIST_FILE = TRex/Resources/info.plist;
				INFOPLIST_KEY_LSApplicationCategoryType = "public.app-category.utilities";
				LD_RUNPATH_SEARCH_PATHS = (
					"$(inherited)",
					"@executable_path/../Frameworks",
				);
				MACOSX_DEPLOYMENT_TARGET = 13.5;
				MAC_APP_STORE = YES;
				MARKETING_VERSION = 1.9.2;
				MTL_ENABLE_DEBUG_INFO = "";
				OTHER_LDFLAGS = "-lc++";
				PRODUCT_BUNDLE_IDENTIFIER = com.ameba.TRex;
				PRODUCT_NAME = "$(TARGET_NAME)";
				SWIFT_ACTIVE_COMPILATION_CONDITIONS = "DEBUG MAC_APP_STORE";
				SWIFT_OPTIMIZATION_LEVEL = "-Onone";
				SWIFT_VERSION = 5.0;
			};
			name = Debug;
		};
		FA1E9A0C2EF77006002A457E /* Release */ = {
			isa = XCBuildConfiguration;
			buildSettings = {
				ASSETCATALOG_COMPILER_APPICON_NAME = AppIcon;
				ASSETCATALOG_COMPILER_GLOBAL_ACCENT_COLOR_NAME = AccentColor;
				CLANG_ENABLE_MODULES = YES;
				CODE_SIGN_ENTITLEMENTS = "TRex/Resources/TRex-AppStore.entitlements";
				CODE_SIGN_IDENTITY = "Apple Development";
				"CODE_SIGN_IDENTITY[sdk=macosx*]" = "Apple Development";
				CODE_SIGN_INJECT_BASE_ENTITLEMENTS = YES;
				CODE_SIGN_STYLE = Automatic;
				COMBINE_HIDPI_IMAGES = YES;
				CURRENT_PROJECT_VERSION = 149;
				DEAD_CODE_STRIPPING = YES;
				DEVELOPMENT_ASSET_PATHS = "\"TRex/Preview Content\"";
				DEVELOPMENT_TEAM = X93LWC49WV;
				ENABLE_HARDENED_RUNTIME = YES;
				ENABLE_PREVIEWS = YES;
				INFOPLIST_FILE = TRex/Resources/info.plist;
				INFOPLIST_KEY_LSApplicationCategoryType = "public.app-category.utilities";
				LD_RUNPATH_SEARCH_PATHS = (
					"$(inherited)",
					"@executable_path/../Frameworks",
				);
				MACOSX_DEPLOYMENT_TARGET = 13.5;
				MAC_APP_STORE = YES;
				MARKETING_VERSION = 1.9.2;
				OTHER_LDFLAGS = "-lc++";
				PRODUCT_BUNDLE_IDENTIFIER = com.ameba.TRex;
				PRODUCT_NAME = "$(TARGET_NAME)";
				SWIFT_ACTIVE_COMPILATION_CONDITIONS = MAC_APP_STORE;
				SWIFT_VERSION = 5.0;
			};
			name = Release;
		};
		FA58E3A327AE1CFA0034837F /* Debug */ = {
			isa = XCBuildConfiguration;
			buildSettings = {
				CLANG_CXX_LANGUAGE_STANDARD = "gnu++17";
				CODE_SIGN_ENTITLEMENTS = "TRex CMD/TRex CMD.entitlements";
				CODE_SIGN_IDENTITY = "-";
				CODE_SIGN_INJECT_BASE_ENTITLEMENTS = NO;
				CODE_SIGN_STYLE = Automatic;
				CREATE_INFOPLIST_SECTION_IN_BINARY = YES;
				CURRENT_PROJECT_VERSION = 120;
				DEAD_CODE_STRIPPING = YES;
				DEVELOPMENT_TEAM = X93LWC49WV;
				ENABLE_HARDENED_RUNTIME = YES;
				INFOPLIST_FILE = "$(SRCROOT)/TRex CMD/Info.plist";
				MACOSX_DEPLOYMENT_TARGET = 13.5;
				MARKETING_VERSION = 1.8.0;
				OTHER_CODE_SIGN_FLAGS = "$(inherited) -i $(PRODUCT_BUNDLE_IDENTIFIER)";
				PRODUCT_BUNDLE_IDENTIFIER = com.ameba.TRex.cli;
				PRODUCT_NAME = "$(TARGET_NAME)";
				SKIP_INSTALL = YES;
				SWIFT_VERSION = 5.0;
			};
			name = Debug;
		};
		FA58E3A427AE1CFA0034837F /* Release */ = {
			isa = XCBuildConfiguration;
			buildSettings = {
				CLANG_CXX_LANGUAGE_STANDARD = "gnu++17";
				CODE_SIGN_ENTITLEMENTS = "TRex CMD/TRex CMD.entitlements";
				CODE_SIGN_IDENTITY = "-";
				CODE_SIGN_INJECT_BASE_ENTITLEMENTS = NO;
				CODE_SIGN_STYLE = Automatic;
				CREATE_INFOPLIST_SECTION_IN_BINARY = YES;
				CURRENT_PROJECT_VERSION = 120;
				DEAD_CODE_STRIPPING = YES;
				DEVELOPMENT_TEAM = X93LWC49WV;
				ENABLE_HARDENED_RUNTIME = YES;
				INFOPLIST_FILE = "$(SRCROOT)/TRex CMD/Info.plist";
				MACOSX_DEPLOYMENT_TARGET = 13.5;
				MARKETING_VERSION = 1.8.0;
				OTHER_CODE_SIGN_FLAGS = "$(inherited) -i $(PRODUCT_BUNDLE_IDENTIFIER)";
				PRODUCT_BUNDLE_IDENTIFIER = com.ameba.TRex.cli;
				PRODUCT_NAME = "$(TARGET_NAME)";
				SKIP_INSTALL = YES;
				SWIFT_VERSION = 5.0;
			};
			name = Release;
		};
		FA5F873C25DC243400B1AF77 /* Debug */ = {
			isa = XCBuildConfiguration;
			buildSettings = {
				ALWAYS_SEARCH_USER_PATHS = NO;
				CLANG_ANALYZER_NONNULL = YES;
				CLANG_ANALYZER_NUMBER_OBJECT_CONVERSION = YES_AGGRESSIVE;
				CLANG_CXX_LANGUAGE_STANDARD = "gnu++14";
				CLANG_CXX_LIBRARY = "libc++";
				CLANG_ENABLE_MODULES = YES;
				CLANG_ENABLE_OBJC_ARC = YES;
				CLANG_ENABLE_OBJC_WEAK = YES;
				CLANG_WARN_BLOCK_CAPTURE_AUTORELEASING = YES;
				CLANG_WARN_BOOL_CONVERSION = YES;
				CLANG_WARN_COMMA = YES;
				CLANG_WARN_CONSTANT_CONVERSION = YES;
				CLANG_WARN_DEPRECATED_OBJC_IMPLEMENTATIONS = YES;
				CLANG_WARN_DIRECT_OBJC_ISA_USAGE = YES_ERROR;
				CLANG_WARN_DOCUMENTATION_COMMENTS = YES;
				CLANG_WARN_EMPTY_BODY = YES;
				CLANG_WARN_ENUM_CONVERSION = YES;
				CLANG_WARN_INFINITE_RECURSION = YES;
				CLANG_WARN_INT_CONVERSION = YES;
				CLANG_WARN_NON_LITERAL_NULL_CONVERSION = YES;
				CLANG_WARN_OBJC_IMPLICIT_RETAIN_SELF = YES;
				CLANG_WARN_OBJC_LITERAL_CONVERSION = YES;
				CLANG_WARN_OBJC_ROOT_CLASS = YES_ERROR;
				CLANG_WARN_QUOTED_INCLUDE_IN_FRAMEWORK_HEADER = YES;
				CLANG_WARN_RANGE_LOOP_ANALYSIS = YES;
				CLANG_WARN_STRICT_PROTOTYPES = YES;
				CLANG_WARN_SUSPICIOUS_MOVE = YES;
				CLANG_WARN_UNGUARDED_AVAILABILITY = YES_AGGRESSIVE;
				CLANG_WARN_UNREACHABLE_CODE = YES;
				CLANG_WARN__DUPLICATE_METHOD_MATCH = YES;
				COPY_PHASE_STRIP = NO;
				DEAD_CODE_STRIPPING = YES;
				DEBUG_INFORMATION_FORMAT = dwarf;
				ENABLE_STRICT_OBJC_MSGSEND = YES;
				ENABLE_TESTABILITY = YES;
				ENABLE_USER_SCRIPT_SANDBOXING = YES;
				GCC_C_LANGUAGE_STANDARD = gnu11;
				GCC_DYNAMIC_NO_PIC = NO;
				GCC_NO_COMMON_BLOCKS = YES;
				GCC_OPTIMIZATION_LEVEL = 0;
				GCC_PREPROCESSOR_DEFINITIONS = (
					"DEBUG=1",
					"$(inherited)",
				);
				GCC_WARN_64_TO_32_BIT_CONVERSION = YES;
				GCC_WARN_ABOUT_RETURN_TYPE = YES_ERROR;
				GCC_WARN_UNDECLARED_SELECTOR = YES;
				GCC_WARN_UNINITIALIZED_AUTOS = YES_AGGRESSIVE;
				GCC_WARN_UNUSED_FUNCTION = YES;
				GCC_WARN_UNUSED_VARIABLE = YES;
				MACOSX_DEPLOYMENT_TARGET = 11.0;
				MTL_ENABLE_DEBUG_INFO = INCLUDE_SOURCE;
				MTL_FAST_MATH = YES;
				ONLY_ACTIVE_ARCH = YES;
				SDKROOT = macosx;
				SWIFT_ACTIVE_COMPILATION_CONDITIONS = DEBUG;
				SWIFT_OPTIMIZATION_LEVEL = "-Onone";
			};
			name = Debug;
		};
		FA5F873D25DC243400B1AF77 /* Release */ = {
			isa = XCBuildConfiguration;
			buildSettings = {
				ALWAYS_SEARCH_USER_PATHS = NO;
				CLANG_ANALYZER_NONNULL = YES;
				CLANG_ANALYZER_NUMBER_OBJECT_CONVERSION = YES_AGGRESSIVE;
				CLANG_CXX_LANGUAGE_STANDARD = "gnu++14";
				CLANG_CXX_LIBRARY = "libc++";
				CLANG_ENABLE_MODULES = YES;
				CLANG_ENABLE_OBJC_ARC = YES;
				CLANG_ENABLE_OBJC_WEAK = YES;
				CLANG_WARN_BLOCK_CAPTURE_AUTORELEASING = YES;
				CLANG_WARN_BOOL_CONVERSION = YES;
				CLANG_WARN_COMMA = YES;
				CLANG_WARN_CONSTANT_CONVERSION = YES;
				CLANG_WARN_DEPRECATED_OBJC_IMPLEMENTATIONS = YES;
				CLANG_WARN_DIRECT_OBJC_ISA_USAGE = YES_ERROR;
				CLANG_WARN_DOCUMENTATION_COMMENTS = YES;
				CLANG_WARN_EMPTY_BODY = YES;
				CLANG_WARN_ENUM_CONVERSION = YES;
				CLANG_WARN_INFINITE_RECURSION = YES;
				CLANG_WARN_INT_CONVERSION = YES;
				CLANG_WARN_NON_LITERAL_NULL_CONVERSION = YES;
				CLANG_WARN_OBJC_IMPLICIT_RETAIN_SELF = YES;
				CLANG_WARN_OBJC_LITERAL_CONVERSION = YES;
				CLANG_WARN_OBJC_ROOT_CLASS = YES_ERROR;
				CLANG_WARN_QUOTED_INCLUDE_IN_FRAMEWORK_HEADER = YES;
				CLANG_WARN_RANGE_LOOP_ANALYSIS = YES;
				CLANG_WARN_STRICT_PROTOTYPES = YES;
				CLANG_WARN_SUSPICIOUS_MOVE = YES;
				CLANG_WARN_UNGUARDED_AVAILABILITY = YES_AGGRESSIVE;
				CLANG_WARN_UNREACHABLE_CODE = YES;
				CLANG_WARN__DUPLICATE_METHOD_MATCH = YES;
				COPY_PHASE_STRIP = NO;
				DEAD_CODE_STRIPPING = YES;
				DEBUG_INFORMATION_FORMAT = "dwarf-with-dsym";
				ENABLE_NS_ASSERTIONS = NO;
				ENABLE_STRICT_OBJC_MSGSEND = YES;
				ENABLE_USER_SCRIPT_SANDBOXING = YES;
				GCC_C_LANGUAGE_STANDARD = gnu11;
				GCC_NO_COMMON_BLOCKS = YES;
				GCC_WARN_64_TO_32_BIT_CONVERSION = YES;
				GCC_WARN_ABOUT_RETURN_TYPE = YES_ERROR;
				GCC_WARN_UNDECLARED_SELECTOR = YES;
				GCC_WARN_UNINITIALIZED_AUTOS = YES_AGGRESSIVE;
				GCC_WARN_UNUSED_FUNCTION = YES;
				GCC_WARN_UNUSED_VARIABLE = YES;
				MACOSX_DEPLOYMENT_TARGET = 11.0;
				MTL_ENABLE_DEBUG_INFO = NO;
				MTL_FAST_MATH = YES;
				SDKROOT = macosx;
				SWIFT_COMPILATION_MODE = wholemodule;
				SWIFT_OPTIMIZATION_LEVEL = "-O";
			};
			name = Release;
		};
		FA5F873F25DC243400B1AF77 /* Debug */ = {
			isa = XCBuildConfiguration;
			buildSettings = {
				ASSETCATALOG_COMPILER_APPICON_NAME = AppIcon;
				ASSETCATALOG_COMPILER_GLOBAL_ACCENT_COLOR_NAME = AccentColor;
				CLANG_ENABLE_MODULES = YES;
				CODE_SIGN_ENTITLEMENTS = TRex/Resources/TRex.entitlements;
				CODE_SIGN_IDENTITY = "Apple Development";
				"CODE_SIGN_IDENTITY[sdk=macosx*]" = "-";
				CODE_SIGN_INJECT_BASE_ENTITLEMENTS = YES;
				CODE_SIGN_STYLE = Automatic;
				COMBINE_HIDPI_IMAGES = YES;
				CURRENT_PROJECT_VERSION = 149;
				DEAD_CODE_STRIPPING = YES;
				DEVELOPMENT_ASSET_PATHS = "\"TRex/Preview Content\"";
				DEVELOPMENT_TEAM = X93LWC49WV;
				ENABLE_HARDENED_RUNTIME = YES;
				ENABLE_PREVIEWS = YES;
				INFOPLIST_FILE = TRex/Resources/info.plist;
				INFOPLIST_KEY_LSApplicationCategoryType = "public.app-category.utilities";
				LD_RUNPATH_SEARCH_PATHS = (
					"$(inherited)",
					"@executable_path/../Frameworks",
				);
				MACOSX_DEPLOYMENT_TARGET = 13.5;
				MAC_APP_STORE = NO;
				MARKETING_VERSION = 1.9.2;
				MTL_ENABLE_DEBUG_INFO = "";
				OTHER_LDFLAGS = "-lc++";
				PRODUCT_BUNDLE_IDENTIFIER = com.ameba.TRex;
				PRODUCT_NAME = "$(TARGET_NAME)";
				SWIFT_OPTIMIZATION_LEVEL = "-Onone";
				SWIFT_VERSION = 5.0;
			};
			name = Debug;
		};
		FA5F874025DC243400B1AF77 /* Release */ = {
			isa = XCBuildConfiguration;
			buildSettings = {
				ASSETCATALOG_COMPILER_APPICON_NAME = AppIcon;
				ASSETCATALOG_COMPILER_GLOBAL_ACCENT_COLOR_NAME = AccentColor;
				CLANG_ENABLE_MODULES = YES;
				CODE_SIGN_ENTITLEMENTS = TRex/Resources/TRex.entitlements;
				CODE_SIGN_IDENTITY = "Apple Development";
				"CODE_SIGN_IDENTITY[sdk=macosx*]" = "-";
				CODE_SIGN_INJECT_BASE_ENTITLEMENTS = YES;
				CODE_SIGN_STYLE = Automatic;
				COMBINE_HIDPI_IMAGES = YES;
				CURRENT_PROJECT_VERSION = 149;
				DEAD_CODE_STRIPPING = YES;
				DEVELOPMENT_ASSET_PATHS = "\"TRex/Preview Content\"";
				DEVELOPMENT_TEAM = X93LWC49WV;
				ENABLE_HARDENED_RUNTIME = YES;
				ENABLE_PREVIEWS = YES;
				INFOPLIST_FILE = TRex/Resources/info.plist;
				INFOPLIST_KEY_LSApplicationCategoryType = "public.app-category.utilities";
				LD_RUNPATH_SEARCH_PATHS = (
					"$(inherited)",
					"@executable_path/../Frameworks",
				);
				MACOSX_DEPLOYMENT_TARGET = 13.5;
				MAC_APP_STORE = NO;
				MARKETING_VERSION = 1.9.2;
				OTHER_LDFLAGS = "-lc++";
				PRODUCT_BUNDLE_IDENTIFIER = com.ameba.TRex;
				PRODUCT_NAME = "$(TARGET_NAME)";
				SWIFT_VERSION = 5.0;
			};
			name = Release;
		};
/* End XCBuildConfiguration section */

/* Begin XCConfigurationList section */
		FA1E9A0A2EF77006002A457E /* Build configuration list for PBXNativeTarget "TRex AppStore" */ = {
			isa = XCConfigurationList;
			buildConfigurations = (
				FA1E9A0B2EF77006002A457E /* Debug */,
				FA1E9A0C2EF77006002A457E /* Release */,
			);
			defaultConfigurationIsVisible = 0;
			defaultConfigurationName = Release;
		};
		FA58E3A527AE1CFA0034837F /* Build configuration list for PBXNativeTarget "trex" */ = {
			isa = XCConfigurationList;
			buildConfigurations = (
				FA58E3A327AE1CFA0034837F /* Debug */,
				FA58E3A427AE1CFA0034837F /* Release */,
			);
			defaultConfigurationIsVisible = 0;
			defaultConfigurationName = Release;
		};
		FA5F872925DC243200B1AF77 /* Build configuration list for PBXProject "TRex" */ = {
			isa = XCConfigurationList;
			buildConfigurations = (
				FA5F873C25DC243400B1AF77 /* Debug */,
				FA5F873D25DC243400B1AF77 /* Release */,
			);
			defaultConfigurationIsVisible = 0;
			defaultConfigurationName = Release;
		};
		FA5F873E25DC243400B1AF77 /* Build configuration list for PBXNativeTarget "TRex" */ = {
			isa = XCConfigurationList;
			buildConfigurations = (
				FA5F873F25DC243400B1AF77 /* Debug */,
				FA5F874025DC243400B1AF77 /* Release */,
			);
			defaultConfigurationIsVisible = 0;
			defaultConfigurationName = Release;
		};
/* End XCConfigurationList section */

/* Begin XCRemoteSwiftPackageReference section */
		FA1E99CA2EF77006002A457E /* XCRemoteSwiftPackageReference "KeyboardShortcuts" */ = {
			isa = XCRemoteSwiftPackageReference;
			repositoryURL = "https://github.com/sindresorhus/KeyboardShortcuts";
			requirement = {
				kind = upToNextMajorVersion;
				minimumVersion = 0.7.0;
			};
		};
		FA1EE6432E254E54009D86D8 /* XCRemoteSwiftPackageReference "Sparkle" */ = {
			isa = XCRemoteSwiftPackageReference;
			repositoryURL = "https://github.com/sparkle-project/Sparkle";
			requirement = {
				kind = upToNextMajorVersion;
				minimumVersion = 2.7.1;
			};
		};
		FA58E3DF27AE31DF0034837F /* XCRemoteSwiftPackageReference "swift-argument-parser" */ = {
			isa = XCRemoteSwiftPackageReference;
			repositoryURL = "https://github.com/apple/swift-argument-parser.git";
			requirement = {
				kind = upToNextMajorVersion;
				minimumVersion = 1.0.0;
			};
		};
		FA5F875D25DD637300B1AF77 /* XCRemoteSwiftPackageReference "KeyboardShortcuts" */ = {
			isa = XCRemoteSwiftPackageReference;
			repositoryURL = "https://github.com/sindresorhus/KeyboardShortcuts";
			requirement = {
				kind = upToNextMajorVersion;
				minimumVersion = 0.7.0;
			};
		};
/* End XCRemoteSwiftPackageReference section */

/* Begin XCSwiftPackageProductDependency section */
		FA1E99C92EF77006002A457E /* KeyboardShortcuts */ = {
			isa = XCSwiftPackageProductDependency;
			package = FA1E99CA2EF77006002A457E /* XCRemoteSwiftPackageReference "KeyboardShortcuts" */;
			productName = KeyboardShortcuts;
		};
		FA1E99CC2EF77006002A457E /* TesseractSwift */ = {
			isa = XCSwiftPackageProductDependency;
			productName = TesseractSwift;
		};
		FA1EE6442E254E54009D86D8 /* Sparkle */ = {
			isa = XCSwiftPackageProductDependency;
			package = FA1EE6432E254E54009D86D8 /* XCRemoteSwiftPackageReference "Sparkle" */;
			productName = Sparkle;
		};
		FA58E3E027AE31DF0034837F /* ArgumentParser */ = {
			isa = XCSwiftPackageProductDependency;
			package = FA58E3DF27AE31DF0034837F /* XCRemoteSwiftPackageReference "swift-argument-parser" */;
			productName = ArgumentParser;
		};
		FA5F875E25DD637300B1AF77 /* KeyboardShortcuts */ = {
			isa = XCSwiftPackageProductDependency;
			package = FA5F875D25DD637300B1AF77 /* XCRemoteSwiftPackageReference "KeyboardShortcuts" */;
			productName = KeyboardShortcuts;
		};
		FA6648702E18469400EF497A /* TesseractSwift */ = {
			isa = XCSwiftPackageProductDependency;
			productName = TesseractSwift;
		};
		FAC3F8CF2F2FDEFD006C4A56 /* TRexCore */ = {
			isa = XCSwiftPackageProductDependency;
			productName = TRexCore;
		};
		FAC3F8D12F2FDF03006C4A56 /* TRexCore */ = {
			isa = XCSwiftPackageProductDependency;
			productName = TRexCore;
		};
		FAC3F8D32F2FDF0B006C4A56 /* TRexCore */ = {
			isa = XCSwiftPackageProductDependency;
			productName = TRexCore;
		};
/* End XCSwiftPackageProductDependency section */
	};
	rootObject = FA5F872625DC243200B1AF77 /* Project object */;
}
